dependencies:
- name: component
  repository: https://bcgov.github.io/helm-service
  version: 0.2.0
- name: component
  repository: https://bcgov.github.io/helm-service
  version: 0.2.0
- name: postgresql
  repository: https://charts.bitnami.com/bitnami
  version: 13.2.16
- name: component
  repository: https://bcgov.github.io/helm-service
  version: 0.2.0
digest: sha256:5b19bc659b196e8325a14f8830e967f4b85b3fc1f4e9130f933e44b822528847
generated: "2023-11-24T01:59:06.404205406Z"
