dependencies:
- name: component
  repository: https://bcgov.github.io/helm-service
  version: 0.0.17
- name: component
  repository: https://bcgov.github.io/helm-service
  version: 0.0.17
- name: postgresql
  repository: https://charts.bitnami.com/bitnami
  version: 13.2.5
- name: component
  repository: https://bcgov.github.io/helm-service
  version: 0.0.17
digest: sha256:2cc733651fe99a8269bd2cb92c62f73dbbcec86649ac02e28a0208aba72014aa
generated: "2023-11-10T15:35:17.663446245Z"
