dependencies:
- name: component
  repository: https://bcgov.github.io/helm-service
  version: 0.0.13
- name: component
  repository: https://bcgov.github.io/helm-service
  version: 0.0.13
- name: postgresql
  repository: https://charts.bitnami.com/bitnami
  version: 13.1.5
- name: component
  repository: https://bcgov.github.io/helm-service
  version: 0.0.13
- name: component
  repository: https://bcgov.github.io/helm-service
  version: 0.0.13
digest: sha256:f4c1099c85eb0e03685b066834e54089a1ba127d2083c25cbb9a7670612389a8
generated: "2023-10-26T22:01:49.4841001-07:00"
