dependencies:
- name: postgresql
  repository: https://charts.bitnami.com/bitnami
  version: 15.5.1
- name: component
  repository: https://bcgov.github.io/helm-service
  version: 0.3.0
- name: component
  repository: https://bcgov.github.io/helm-service
  version: 0.3.0
digest: sha256:62d674bdb66d80a38336e8768fe8057d902eda57098721668d83d2b3b50031ba
generated: "2024-06-05T14:41:05.038802724-07:00"
